
Microsoft Visual Studio Solution File, Format Version 12.00
# Visual Studio Version 17
VisualStudioVersion = 17.8.34330.188
MinimumVisualStudioVersion = 10.0.40219.1
Project("{FAE04EC0-301F-11D3-BF4B-00C04F79EFBC}") = "firstMVC", "firstMVC\firstMVC.csproj", "{D9E77855-2D91-456B-BF2B-876FC805158A}"
EndProject
Global
	GlobalSection(SolutionConfigurationPlatforms) = preSolution
		Debug|Any CPU = Debug|Any CPU
		Release|Any CPU = Release|Any CPU
	EndGlobalSection
	GlobalSection(ProjectConfigurationPlatforms) = postSolution
		{D9E77855-2D91-456B-BF2B-876FC805158A}.Debug|Any CPU.ActiveCfg = Debug|Any CPU
		{D9E77855-2D91-456B-BF2B-876FC805158A}.Debug|Any CPU.Build.0 = Debug|Any CPU
		{D9E77855-2D91-456B-BF2B-876FC805158A}.Release|Any CPU.ActiveCfg = Release|Any CPU
		{D9E77855-2D91-456B-BF2B-876FC805158A}.Release|Any CPU.Build.0 = Release|Any CPU
	EndGlobalSection
	GlobalSection(SolutionProperties) = preSolution
		HideSolutionNode = FALSE
	EndGlobalSection
	GlobalSection(ExtensibilityGlobals) = postSolution
		SolutionGuid = {DCBF0020-C202-43B5-9284-4A2921B2F9B6}
	EndGlobalSection
EndGlobal
